{
  "nodes": {
    "asahi-kernel": {
      "flake": false,
      "locked": {
        "lastModified": 1785179283,
        "narHash": "sha256-hmxu1NcS3Ce8VpJahgZLs7mjh3ZBHq3sW5NVO3DqglU=",
        "owner": "AsahiLinux",
        "repo": "linux",
        "rev": "e3e35907c17a05773d481e58a566bf9108166cc5",
        "type": "github"
      },
      "original": {
        "owner": "AsahiLinux",
        "repo": "linux",
        "rev": "e3e35907c17a05773d481e58a566bf9108166cc5",
        "type": "github"
      }
    },
    "nixpkgs": {
      "locked": {
        "lastModified": 1785692966,
        "narHash": "sha256-vUfIeBEfpbAfZ5zjgIkYk7eHBeVfCYVjLbWnMkseYnk=",
        "owner": "NixOS",
        "repo": "nixpkgs",
        "rev": "643809054d65fdd466a63e3155b8c498cb483c04",
        "type": "github"
      },
      "original": {
        "owner": "NixOS",
        "ref": "nixos-unstable",
        "repo": "nixpkgs",
        "type": "github"
      }
    },
    "root": {
      "inputs": {
        "asahi-kernel": "asahi-kernel",
        "nixpkgs": "nixpkgs"
      }
    }
  },
  "root": "root",
  "version": 7
}
